
Microsoft Visual Studio Solution File, Format Version 12.00
# Visual Studio 15
VisualStudioVersion = 15.0.26730.15
MinimumVisualStudioVersion = 10.0.40219.1
Project("{9A19103F-16F7-4668-BE54-9A1E7A4F7556}") = "LibraryApi", "LibraryApi\LibraryApi.csproj", "{B47E89D9-3E14-4E6B-8AAF-0504CF10CC3D}"
EndProject
Project("{FAE04EC0-301F-11D3-BF4B-00C04F79EFBC}") = "LibraryApi.Tests", "LibraryApi.Tests\LibraryApi.Tests.csproj", "{9C44D516-B547-4C60-B881-63285076B1B9}"
EndProject
Global
	GlobalSection(SolutionConfigurationPlatforms) = preSolution
		Debug|Any CPU = Debug|Any CPU
		Release|Any CPU = Release|Any CPU
	EndGlobalSection
	GlobalSection(ProjectConfigurationPlatforms) = postSolution
		{B47E89D9-3E14-4E6B-8AAF-0504CF10CC3D}.Debug|Any CPU.ActiveCfg = Debug|Any CPU
		{B47E89D9-3E14-4E6B-8AAF-0504CF10CC3D}.Debug|Any CPU.Build.0 = Debug|Any CPU
		{B47E89D9-3E14-4E6B-8AAF-0504CF10CC3D}.Release|Any CPU.ActiveCfg = Release|Any CPU
		{B47E89D9-3E14-4E6B-8AAF-0504CF10CC3D}.Release|Any CPU.Build.0 = Release|Any CPU
		{9C44D516-B547-4C60-B881-63285076B1B9}.Debug|Any CPU.ActiveCfg = Debug|Any CPU
		{9C44D516-B547-4C60-B881-63285076B1B9}.Debug|Any CPU.Build.0 = Debug|Any CPU
		{9C44D516-B547-4C60-B881-63285076B1B9}.Release|Any CPU.ActiveCfg = Release|Any CPU
		{9C44D516-B547-4C60-B881-63285076B1B9}.Release|Any CPU.Build.0 = Release|Any CPU
	EndGlobalSection
	GlobalSection(SolutionProperties) = preSolution
		HideSolutionNode = FALSE
	EndGlobalSection
	GlobalSection(ExtensibilityGlobals) = postSolution
		SolutionGuid = {82C62901-5C72-44FC-ABD9-3AF2ED37613E}
	EndGlobalSection
EndGlobal
